
Microsoft Visual Studio Solution File, Format Version 12.00
# Visual Studio Version 16
VisualStudioVersion = 16.0.29403.142
MinimumVisualStudioVersion = 10.0.40219.1
Project("{FAE04EC0-301F-11D3-BF4B-00C04F79EFBC}") = "ExceptionHandling", "ExceptionHandling.csproj", "{D11ECD26-49A3-43C7-8FCF-7AA37B74939F}"
EndProject
Global
	GlobalSection(SolutionConfigurationPlatforms) = preSolution
		Debug|Any CPU = Debug|Any CPU
		Release|Any CPU = Release|Any CPU
	EndGlobalSection
	GlobalSection(ProjectConfigurationPlatforms) = postSolution
		{D11ECD26-49A3-43C7-8FCF-7AA37B74939F}.Debug|Any CPU.ActiveCfg = Debug|Any CPU
		{D11ECD26-49A3-43C7-8FCF-7AA37B74939F}.Debug|Any CPU.Build.0 = Debug|Any CPU
		{D11ECD26-49A3-43C7-8FCF-7AA37B74939F}.Release|Any CPU.ActiveCfg = Release|Any CPU
		{D11ECD26-49A3-43C7-8FCF-7AA37B74939F}.Release|Any CPU.Build.0 = Release|Any CPU
	EndGlobalSection
	GlobalSection(SolutionProperties) = preSolution
		HideSolutionNode = FALSE
	EndGlobalSection
	GlobalSection(ExtensibilityGlobals) = postSolution
		SolutionGuid = {2FF63B1A-4DEB-45D1-A2F1-D2D0394D2BAA}
	EndGlobalSection
EndGlobal
